version = 1
revision = 3
requires-python = "==3.13.*"

[[package]]
name = "attrs"
version = "25.4.0"
source = { registry = "https://pypi.org/simple" }
sdist = { url = "https://files.pythonhosted.org/packages/6b/5c/685e6633917e101e5dcb62b9dd76946cbb57c26e133bae9e0cd36033c0a9/attrs-25.4.0.tar.gz", hash = "sha256:16d5969b87f0859ef33a48b35d55ac1be6e42ae49d5e853b597db70c35c57e11", size = 934251, upload-time = "2025-10-06T13:54:44.725Z" }
wheels = [
    { url = "https://files.pythonhosted.org/packages/3a/2a/7cc015f5b9f5db42b7d48157e23356022889fc354a2813c15934b7cb5c0e/attrs-25.4.0-py3-none-any.whl", hash = "sha256:adcf7e2a1fb3b36ac48d97835bb6d8ade15b8dcce26aba8bf1d14847b57a3373", size = 67615, upload-time = "2025-10-06T13:54:43.17Z" },
]

[[package]]
name = "aws-cdk-asset-awscli-v1"
version = "2.2.273"
source = { registry = "https://pypi.org/simple" }
dependencies = [
    { name = "jsii" },
    { name = "publication" },
    { name = "typeguard" },
]
sdist = { url = "https://files.pythonhosted.org/packages/50/11/925a1ae8dd7c9fd7e775b405f357970bdf975f54550923c6c755ac24a00d/aws_cdk_asset_awscli_v1-2.2.273.tar.gz", hash = "sha256:6580dad3416e53712db434f81add6fb4a314e1a80f9c57cc42606df1f64c8e0f", size = 20370823, upload-time = "2026-03-30T16:58:42.105Z" }
wheels = [
    { url = "https://files.pythonhosted.org/packages/3e/eb/817ecd9e0987465114d17808bb8d10907ef64c9ea6029addfab0ab9aa055/aws_cdk_asset_awscli_v1-2.2.273-py3-none-any.whl", hash = "sha256:1a0994afa7b48f63b580603be64c7a99d19ed6777bdf81d3c2435d8b43cf0d71", size = 20369281, upload-time = "2026-03-30T16:58:39.474Z" },
]

[[package]]
name = "aws-cdk-asset-node-proxy-agent-v6"
version = "2.1.2"
source = { registry = "https://pypi.org/simple" }
dependencies = [
    { name = "jsii" },
    { name = "publication" },
    { name = "typeguard" },
]
sdist = { url = "https://files.pythonhosted.org/packages/10/e3/92e49ecaa002b4ac54371538991389c248577cbae7394ea9d1261ff41078/aws_cdk_asset_node_proxy_agent_v6-2.1.2.tar.gz", hash = "sha256:1340588dd351dcae37e07188f39075364f73ccde6ed9468c1184b06ada4af665", size = 1534674, upload-time = "2026-05-15T08:14:19.895Z" }
wheels = [
    { url = "https://files.pythonhosted.org/packages/1e/06/29837eb8ae4dc82ed2e593e4b24449394393b9a8a247b0ce2cee811e5cbb/aws_cdk_asset_node_proxy_agent_v6-2.1.2-py3-none-any.whl", hash = "sha256:1028bff16fdb87b8c82404e9b48f32ed383429dece84067f47379c4049da5da4", size = 1533233, upload-time = "2026-05-15T08:14:17.622Z" },
]

[[package]]
name = "aws-cdk-cloud-assembly-schema"
version = "53.24.0"
source = { registry = "https://pypi.org/simple" }
dependencies = [
    { name = "jsii" },
    { name = "publication" },
    { name = "typeguard" },
]
sdist = { url = "https://files.pythonhosted.org/packages/66/67/a386fee11c1d51ad57d2c045f228f6a57b0fc846eb8b441fc98fbdf1a4b1/aws_cdk_cloud_assembly_schema-53.24.0.tar.gz", hash = "sha256:f999f4c777deaca6631c61993bf5583022ff57c3a94a65930e2fc6b68cb7c407", size = 212924, upload-time = "2026-05-14T17:07:18.047Z" }
wheels = [
    { url = "https://files.pythonhosted.org/packages/21/34/b180fe10ae8c314d5f8c2e095a57669d54bcb036dc63b001eace16c88052/aws_cdk_cloud_assembly_schema-53.24.0-py3-none-any.whl", hash = "sha256:360c4804f3073601ac320d1773432bc45b34201d7c8fb85aff7ed536801efb0c", size = 212811, upload-time = "2026-05-14T17:07:15.889Z" },
]

[[package]]
name = "aws-cdk-github-oidc"
version = "4.1.0"
source = { registry = "https://pypi.org/simple" }
dependencies = [
    { name = "aws-cdk-lib" },
    { name = "constructs" },
    { name = "jsii" },
    { name = "publication" },
    { name = "typeguard" },
]
sdist = { url = "https://files.pythonhosted.org/packages/c3/17/a461c5f4249a1303d98f912991091875af0c9254d07b4e7edb52834c6800/aws_cdk_github_oidc-4.1.0.tar.gz", hash = "sha256:da1d6d02e62d7a7db5d1b0c6e5903a4381533a0b4e96921d6315b8b77917bd93", size = 100389, upload-time = "2026-04-02T14:31:53.803Z" }
wheels = [
    { url = "https://files.pythonhosted.org/packages/59/42/24bcbd3ed439bd3dd2489eef0f18a1491862397bbe5ee783c2704f52ae2f/aws_cdk_github_oidc-4.1.0-py3-none-any.whl", hash = "sha256:426a37819d3eca75e291f3c112fd18dfb304aef8f90d3fdd73a663225f34e150", size = 98251, upload-time = "2026-04-02T14:31:52.379Z" },
]

[[package]]
name = "aws-cdk-lib"
version = "2.254.0"
source = { registry = "https://pypi.org/simple" }
dependencies = [
    { name = "aws-cdk-asset-awscli-v1" },
    { name = "aws-cdk-asset-node-proxy-agent-v6" },
    { name = "aws-cdk-cloud-assembly-schema" },
    { name = "constructs" },
    { name = "jsii" },
    { name = "publication" },
    { name = "typeguard" },
]
sdist = { url = "https://files.pythonhosted.org/packages/d6/94/667be78bf5f39aef15ff34778eda0443bb4ad2498f33ccb6f7629f343f43/aws_cdk_lib-2.254.0.tar.gz", hash = "sha256:ddbef134cad91f8985444f77f052f0337af5f132101ad7aea2215b4775ff7828", size = 49658861, upload-time = "2026-05-13T21:59:39.35Z" }
wheels = [
    { url = "https://files.pythonhosted.org/packages/41/3c/13c490cba548fde101663fb6d9050eeee67686a9730e74cba5711ba12068/aws_cdk_lib-2.254.0-py3-none-any.whl", hash = "sha256:626095eaa742e0b9d894c3a1bf06a6e7d1245a986165a72408871d41886c6d07", size = 50343718, upload-time = "2026-05-13T21:58:54.123Z" },
]

[[package]]
name = "aws-cdk-python-starter-kit"
version = "2.101.0"
source = { virtual = "." }
dependencies = [
    { name = "aws-cdk-github-oidc" },
    { name = "aws-cdk-lib" },
    { name = "constructs" },
]

[package.dev-dependencies]
dev = [
    { name = "projen" },
    { name = "pytest" },
    { name = "ruff" },
    { name = "ty" },
]

[package.metadata]
requires-dist = [
    { name = "aws-cdk-github-oidc" },
    { name = "aws-cdk-lib", specifier = "==2.254.0" },
    { name = "constructs", specifier = ">=10.5.1,<11.0.0" },
]

[package.metadata.requires-dev]
dev = [
    { name = "projen", specifier = "==0.99.62" },
    { name = "pytest", specifier = "==9.0.3" },
    { name = "ruff" },
    { name = "ty" },
]

[[package]]
name = "cattrs"
version = "25.3.0"
source = { registry = "https://pypi.org/simple" }
dependencies = [
    { name = "attrs" },
    { name = "typing-extensions" },
]
sdist = { url = "https://files.pythonhosted.org/packages/6e/00/2432bb2d445b39b5407f0a90e01b9a271475eea7caf913d7a86bcb956385/cattrs-25.3.0.tar.gz", hash = "sha256:1ac88d9e5eda10436c4517e390a4142d88638fe682c436c93db7ce4a277b884a", size = 509321, upload-time = "2025-10-07T12:26:08.737Z" }
wheels = [
    { url = "https://files.pythonhosted.org/packages/d8/2b/a40e1488fdfa02d3f9a653a61a5935ea08b3c2225ee818db6a76c7ba9695/cattrs-25.3.0-py3-none-any.whl", hash = "sha256:9896e84e0a5bf723bc7b4b68f4481785367ce07a8a02e7e9ee6eb2819bc306ff", size = 70738, upload-time = "2025-10-07T12:26:06.603Z" },
]

[[package]]
name = "colorama"
version = "0.4.6"
source = { registry = "https://pypi.org/simple" }
sdist = { url = "https://files.pythonhosted.org/packages/d8/53/6f443c9a4a8358a93a6792e2acffb9d9d5cb0a5cfd8802644b7b1c9a02e4/colorama-0.4.6.tar.gz", hash = "sha256:08695f5cb7ed6e0531a20572697297273c47b8cae5a63ffc6d6ed5c201be6e44", size = 27697, upload-time = "2022-10-25T02:36:22.414Z" }
wheels = [
    { url = "https://files.pythonhosted.org/packages/d1/d6/3965ed04c63042e047cb6a3e6ed1a63a35087b6a609aa3a15ed8ac56c221/colorama-0.4.6-py2.py3-none-any.whl", hash = "sha256:4f1d9991f5acc0ca119f9d443620b77f9d6b33703e51011c16baf57afb285fc6", size = 25335, upload-time = "2022-10-25T02:36:20.889Z" },
]

[[package]]
name = "constructs"
version = "10.6.0"
source = { registry = "https://pypi.org/simple" }
dependencies = [
    { name = "jsii" },
    { name = "publication" },
    { name = "typeguard" },
]
sdist = { url = "https://files.pythonhosted.org/packages/91/13/f57364d14c818108a47e124d1a4cfbee7c9f69ab1263ab59a7087028be18/constructs-10.6.0.tar.gz", hash = "sha256:bc55d1d390142424861e5ff5c6b8c243c4bae18fe7302e0939c2003f329ba365", size = 68788, upload-time = "2026-03-23T09:00:54.242Z" }
wheels = [
    { url = "https://files.pythonhosted.org/packages/fc/38/6de46d122a2fcd275a5f1fa4ad1d8d2058afd6b72d8db5f0c125515cbb5c/constructs-10.6.0-py3-none-any.whl", hash = "sha256:ad4ffabdb53c17cde00fb94e441a1ba9fddac57c92ad49d263f8dbd416cec513", size = 66969, upload-time = "2026-03-23T09:00:53.041Z" },
]

[[package]]
name = "importlib-resources"
version = "6.5.2"
source = { registry = "https://pypi.org/simple" }
sdist = { url = "https://files.pythonhosted.org/packages/cf/8c/f834fbf984f691b4f7ff60f50b514cc3de5cc08abfc3295564dd89c5e2e7/importlib_resources-6.5.2.tar.gz", hash = "sha256:185f87adef5bcc288449d98fb4fba07cea78bc036455dd44c5fc4a2fe78fed2c", size = 44693, upload-time = "2025-01-03T18:51:56.698Z" }
wheels = [
    { url = "https://files.pythonhosted.org/packages/a4/ed/1f1afb2e9e7f38a545d628f864d562a5ae64fe6f7a10e28ffb9b185b4e89/importlib_resources-6.5.2-py3-none-any.whl", hash = "sha256:789cfdc3ed28c78b67a06acb8126751ced69a3d5f79c095a98298cd8a760ccec", size = 37461, upload-time = "2025-01-03T18:51:54.306Z" },
]

[[package]]
name = "iniconfig"
version = "2.3.0"
source = { registry = "https://pypi.org/simple" }
sdist = { url = "https://files.pythonhosted.org/packages/72/34/14ca021ce8e5dfedc35312d08ba8bf51fdd999c576889fc2c24cb97f4f10/iniconfig-2.3.0.tar.gz", hash = "sha256:c76315c77db068650d49c5b56314774a7804df16fee4402c1f19d6d15d8c4730", size = 20503, upload-time = "2025-10-18T21:55:43.219Z" }
wheels = [
    { url = "https://files.pythonhosted.org/packages/cb/b1/3846dd7f199d53cb17f49cba7e651e9ce294d8497c8c150530ed11865bb8/iniconfig-2.3.0-py3-none-any.whl", hash = "sha256:f631c04d2c48c52b84d0d0549c99ff3859c98df65b3101406327ecc7d53fbf12", size = 7484, upload-time = "2025-10-18T21:55:41.639Z" },
]

[[package]]
name = "jsii"
version = "1.130.0"
source = { registry = "https://pypi.org/simple" }
dependencies = [
    { name = "attrs" },
    { name = "cattrs" },
    { name = "importlib-resources" },
    { name = "publication" },
    { name = "python-dateutil" },
    { name = "typeguard" },
    { name = "typing-extensions" },
]
sdist = { url = "https://files.pythonhosted.org/packages/0b/36/d84bb41b72b5a830dc87f1daea521ff4da024a08c1bd0b9b34989fe84bcf/jsii-1.130.0.tar.gz", hash = "sha256:7436ae382e2de27970b34a4ccfef953a45980c5070241c1bd610bf3af68a2d6b", size = 445207, upload-time = "2026-05-14T18:35:31.792Z" }
wheels = [
    { url = "https://files.pythonhosted.org/packages/46/34/2dc16666ee53c1158fde17c2b713a85dc90eab029fb832b9564751f40eeb/jsii-1.130.0-py3-none-any.whl", hash = "sha256:ce50e11ea588fe6b2d0766d90edaf4c78b9e97e2e1f075fbd8bc29349c6503c8", size = 418405, upload-time = "2026-05-14T18:35:30.283Z" },
]

[[package]]
name = "packaging"
version = "26.0"
source = { registry = "https://pypi.org/simple" }
sdist = { url = "https://files.pythonhosted.org/packages/65/ee/299d360cdc32edc7d2cf530f3accf79c4fca01e96ffc950d8a52213bd8e4/packaging-26.0.tar.gz", hash = "sha256:00243ae351a257117b6a241061796684b084ed1c516a08c48a3f7e147a9d80b4", size = 143416, upload-time = "2026-01-21T20:50:39.064Z" }
wheels = [
    { url = "https://files.pythonhosted.org/packages/b7/b9/c538f279a4e237a006a2c98387d081e9eb060d203d8ed34467cc0f0b9b53/packaging-26.0-py3-none-any.whl", hash = "sha256:b36f1fef9334a5588b4166f8bcd26a14e521f2b55e6b9de3aaa80d3ff7a37529", size = 74366, upload-time = "2026-01-21T20:50:37.788Z" },
]

[[package]]
name = "pluggy"
version = "1.6.0"
source = { registry = "https://pypi.org/simple" }
sdist = { url = "https://files.pythonhosted.org/packages/f9/e2/3e91f31a7d2b083fe6ef3fa267035b518369d9511ffab804f839851d2779/pluggy-1.6.0.tar.gz", hash = "sha256:7dcc130b76258d33b90f61b658791dede3486c3e6bfb003ee5c9bfb396dd22f3", size = 69412, upload-time = "2025-05-15T12:30:07.975Z" }
wheels = [
    { url = "https://files.pythonhosted.org/packages/54/20/4d324d65cc6d9205fabedc306948156824eb9f0ee1633355a8f7ec5c66bf/pluggy-1.6.0-py3-none-any.whl", hash = "sha256:e920276dd6813095e9377c0bc5566d94c932c33b27a3e3945d8389c374dd4746", size = 20538, upload-time = "2025-05-15T12:30:06.134Z" },
]

[[package]]
name = "projen"
version = "0.99.62"
source = { registry = "https://pypi.org/simple" }
dependencies = [
    { name = "constructs" },
    { name = "jsii" },
    { name = "publication" },
    { name = "typeguard" },
]
sdist = { url = "https://files.pythonhosted.org/packages/5d/c6/89d291618a10347fee0e6d6de98220c8f7a1ffdf2a82dc52be51fbe89b45/projen-0.99.62.tar.gz", hash = "sha256:b00a56e4b46ad655a3682fa14a875e47d0809f5e7add9aa75712dc0b065af743", size = 4416957, upload-time = "2026-05-18T10:40:26.121Z" }
wheels = [
    { url = "https://files.pythonhosted.org/packages/d3/95/10a1f64078026c330a23fa596526f2ec102069222d9093994bc16d5eef71/projen-0.99.62-py3-none-any.whl", hash = "sha256:e566c6d73039cc7a140b4a7622f144092019281169a49a69f1d7fe84a0f144ca", size = 4426000, upload-time = "2026-05-18T10:40:22.83Z" },
]

[[package]]
name = "publication"
version = "0.0.3"
source = { registry = "https://pypi.org/simple" }
sdist = { url = "https://files.pythonhosted.org/packages/6b/8e/8c9fe7e32fdf9c386f83d59610cc819a25dadb874b5920f2d0ef7d35f46d/publication-0.0.3.tar.gz", hash = "sha256:68416a0de76dddcdd2930d1c8ef853a743cc96c82416c4e4d3b5d901c6276dc4", size = 5484, upload-time = "2019-01-15T07:52:23.914Z" }
wheels = [
    { url = "https://files.pythonhosted.org/packages/f8/d3/6308debad7afcdb3ea5f50b4b3d852f41eb566a311fbcb4da23755a28155/publication-0.0.3-py2.py3-none-any.whl", hash = "sha256:0248885351febc11d8a1098d5c8e3ab2dabcf3e8c0c96db1e17ecd12b53afbe6", size = 7687, upload-time = "2019-01-15T07:52:22.151Z" },
]

[[package]]
name = "pygments"
version = "2.20.0"
source = { registry = "https://pypi.org/simple" }
sdist = { url = "https://files.pythonhosted.org/packages/c3/b2/bc9c9196916376152d655522fdcebac55e66de6603a76a02bca1b6414f6c/pygments-2.20.0.tar.gz", hash = "sha256:6757cd03768053ff99f3039c1a36d6c0aa0b263438fcab17520b30a303a82b5f", size = 4955991, upload-time = "2026-03-29T13:29:33.898Z" }
wheels = [
    { url = "https://files.pythonhosted.org/packages/f4/7e/a72dd26f3b0f4f2bf1dd8923c85f7ceb43172af56d63c7383eb62b332364/pygments-2.20.0-py3-none-any.whl", hash = "sha256:81a9e26dd42fd28a23a2d169d86d7ac03b46e2f8b59ed4698fb4785f946d0176", size = 1231151, upload-time = "2026-03-29T13:29:30.038Z" },
]

[[package]]
name = "pytest"
version = "9.0.3"
source = { registry = "https://pypi.org/simple" }
dependencies = [
    { name = "colorama", marker = "sys_platform == 'win32'" },
    { name = "iniconfig" },
    { name = "packaging" },
    { name = "pluggy" },
    { name = "pygments" },
]
sdist = { url = "https://files.pythonhosted.org/packages/7d/0d/549bd94f1a0a402dc8cf64563a117c0f3765662e2e668477624baeec44d5/pytest-9.0.3.tar.gz", hash = "sha256:b86ada508af81d19edeb213c681b1d48246c1a91d304c6c81a427674c17eb91c", size = 1572165, upload-time = "2026-04-07T17:16:18.027Z" }
wheels = [
    { url = "https://files.pythonhosted.org/packages/d4/24/a372aaf5c9b7208e7112038812994107bc65a84cd00e0354a88c2c77a617/pytest-9.0.3-py3-none-any.whl", hash = "sha256:2c5efc453d45394fdd706ade797c0a81091eccd1d6e4bccfcd476e2b8e0ab5d9", size = 375249, upload-time = "2026-04-07T17:16:16.13Z" },
]

[[package]]
name = "python-dateutil"
version = "2.9.0.post0"
source = { registry = "https://pypi.org/simple" }
dependencies = [
    { name = "six" },
]
sdist = { url = "https://files.pythonhosted.org/packages/66/c0/0c8b6ad9f17a802ee498c46e004a0eb49bc148f2fd230864601a86dcf6db/python-dateutil-2.9.0.post0.tar.gz", hash = "sha256:37dd54208da7e1cd875388217d5e00ebd4179249f90fb72437e91a35459a0ad3", size = 342432, upload-time = "2024-03-01T18:36:20.211Z" }
wheels = [
    { url = "https://files.pythonhosted.org/packages/ec/57/56b9bcc3c9c6a792fcbaf139543cee77261f3651ca9da0c93f5c1221264b/python_dateutil-2.9.0.post0-py2.py3-none-any.whl", hash = "sha256:a8b2bc7bffae282281c8140a97d3aa9c14da0b136dfe83f850eea9a5f7470427", size = 229892, upload-time = "2024-03-01T18:36:18.57Z" },
]

[[package]]
name = "ruff"
version = "0.15.16"
source = { registry = "https://pypi.org/simple" }
sdist = { url = "https://files.pythonhosted.org/packages/a6/bd/5f7ec371001337d8fa61701c186ff8b613ecac1651848c5950f4c4d5f2e9/ruff-0.15.16.tar.gz", hash = "sha256:d05e78d38c78caf020b03789e25106c93017db5a0cb6e2819885018c61343b78", size = 4714267, upload-time = "2026-06-04T16:33:09.974Z" }
wheels = [
    { url = "https://files.pythonhosted.org/packages/0c/42/53ef1c3953f157956db9bf7861e3bc50b9b887ce93300aa48cdba8336fe6/ruff-0.15.16-py3-none-linux_armv6l.whl", hash = "sha256:6ac3c0b3969cc6cf6b158c4e2f8f682acb58e7d700d8a44b65ecdc72d66ab0b2", size = 10709025, upload-time = "2026-06-04T16:32:51.935Z" },
    { url = "https://files.pythonhosted.org/packages/93/9a/a79159346f19134a956607754e57d8d128f7a4c00f4ad2f7514d224c172c/ruff-0.15.16-py3-none-macosx_10_12_x86_64.whl", hash = "sha256:197c207ed75ffba54a0dec23db4aa939a27a3053073e085e0042433cbdc58e4a", size = 11063550, upload-time = "2026-06-04T16:32:42.24Z" },
    { url = "https://files.pythonhosted.org/packages/bc/72/3ce2ac000a5299ec238e01f51397b3b653c93b077d9b1bfe8715bb895f20/ruff-0.15.16-py3-none-macosx_11_0_arm64.whl", hash = "sha256:3a39fec45ab316cc23e7558f23fea4a70403ddb5648ea9a4a3854a16973d0071", size = 10421345, upload-time = "2026-06-04T16:32:37.251Z" },
    { url = "https://files.pythonhosted.org/packages/b0/c2/cc7fad3ec9169373f5b6a18f1917b91080feec40c3f9658334a1d28e2f03/ruff-0.15.16-py3-none-manylinux_2_17_aarch64.manylinux2014_aarch64.whl", hash = "sha256:ba93191d79003116b95128c9d306e045200fdbd0bccb782b110f3cd1d4abc5cf", size = 10757217, upload-time = "2026-06-04T16:32:54.722Z" },
    { url = "https://files.pythonhosted.org/packages/69/d2/3474009eaa0a65b31fa7152a2fad5e2f050c640ceb1e6b02ee6922e94c82/ruff-0.15.16-py3-none-manylinux_2_17_armv7l.manylinux2014_armv7l.whl", hash = "sha256:c6ee4b90520630120ef032aa5cc10db483852dff950e78b1d717e2993a61ac8d", size = 10507035, upload-time = "2026-06-04T16:33:05.343Z" },
    { url = "https://files.pythonhosted.org/packages/ca/81/b7ae6ccbd11f0c8dc3d5d67fc4be9b57ff57ca86ba56152021378e1277f2/ruff-0.15.16-py3-none-manylinux_2_17_i686.manylinux2014_i686.whl", hash = "sha256:4e4215bc938bc3c8215c1472c1aa437e310fee20cd427335fec9d7e609563628", size = 11255291, upload-time = "2026-06-04T16:32:49.49Z" },
    { url = "https://files.pythonhosted.org/packages/d9/e1/46e526f1a7cc90857ce6ddf25fbb77eb6568651ac38d71b033af07076dd5/ruff-0.15.16-py3-none-manylinux_2_17_ppc64le.manylinux2014_ppc64le.whl", hash = "sha256:7c8d26be963b090f10e29abc8b3e74a2a321f6fa34e02424e30b5af89350ecbb", size = 12124922, upload-time = "2026-06-04T16:33:07.821Z" },
    { url = "https://files.pythonhosted.org/packages/1a/da/5c791b088b596b24d0deb967fa28ae02ad751a140c0b9ea81c5ab915d6c0/ruff-0.15.16-py3-none-manylinux_2_17_s390x.manylinux2014_s390x.whl", hash = "sha256:f198cf4123602a2280ed46c307bcbafe41758d6fee5b456b6b6058ca1514b3b4", size = 11332186, upload-time = "2026-06-04T16:33:02.971Z" },
    { url = "https://files.pythonhosted.org/packages/72/11/5da87abe20047c8962361473923ebb2f62b595250126aadfad8c20649c1e/ruff-0.15.16-py3-none-manylinux_2_17_x86_64.manylinux2014_x86_64.whl", hash = "sha256:bb27515fa6240fb586ae82b901a59e67d24acff86f2190b433dc542fe0435aeb", size = 11373541, upload-time = "2026-06-04T16:32:47.007Z" },
    { url = "https://files.pythonhosted.org/packages/fe/2a/8554754c23a854ae3fd6b507e36ad61ddb121e298c6d5d617dec94ed0f14/ruff-0.15.16-py3-none-manylinux_2_31_riscv64.whl", hash = "sha256:a267c46ba1593fc26b8eecbea050b39d40c0b6bb7781ee11c90a02cd10032951", size = 11353014, upload-time = "2026-06-04T16:32:34.795Z" },
    { url = "https://files.pythonhosted.org/packages/62/25/62ea41529ec89f742ea3fed9cb1059c72877ec7cf9b9e99ac9cf3294d1d9/ruff-0.15.16-py3-none-musllinux_1_2_aarch64.whl", hash = "sha256:528c68f39a91498a8d50e91ff5985df3d105782bab49cc378e73ac26bff083e8", size = 10737467, upload-time = "2026-06-04T16:32:26.348Z" },
    { url = "https://files.pythonhosted.org/packages/90/17/334d3ad9de4d40f9dd58fdd09e35ce64553bb501e2f19a839e2fb6be14fc/ruff-0.15.16-py3-none-musllinux_1_2_armv7l.whl", hash = "sha256:7ed55c58950df60589a9a7a5d2f8fa5f54ebd287163be805adfe6ee95a9de123", size = 10521910, upload-time = "2026-06-04T16:32:32.54Z" },
    { url = "https://files.pythonhosted.org/packages/4d/bd/3ac7c6ae77a885c1004b3dda2446ea401768d24f851c14b4ad4b24f6639c/ruff-0.15.16-py3-none-musllinux_1_2_i686.whl", hash = "sha256:d482feaf51512b50f9790ceb417a56a61dd1e9d9bf967662b9ed27c01b34f53a", size = 10979190, upload-time = "2026-06-04T16:32:57.492Z" },
    { url = "https://files.pythonhosted.org/packages/33/d7/609546e6a413c3f216fbf2a50c928f97c80939154f6a0503114094a86191/ruff-0.15.16-py3-none-musllinux_1_2_x86_64.whl", hash = "sha256:1e15bc8c94513dae2a40cc9ef07c94fdd4ecc9e29dabebeebe170f952322c9e3", size = 11477014, upload-time = "2026-06-04T16:32:44.687Z" },
    { url = "https://files.pythonhosted.org/packages/74/0d/f2cd247ad32633a5c36e97141a2c21b11c6279f7957bc2ff360b1e08fddd/ruff-0.15.16-py3-none-win32.whl", hash = "sha256:580378f7bd4aa25f72e74aa54948a9622f142b1e509521dd10902e886681cc1e", size = 10735541, upload-time = "2026-06-04T16:32:30.145Z" },
    { url = "https://files.pythonhosted.org/packages/8b/9e/02e845ef151b1dee585e55c4739f8e1734ae1d9f1221dff65761c162208b/ruff-0.15.16-py3-none-win_amd64.whl", hash = "sha256:408256017284eddf98fff77b29aa4fb30f586042d535b2d9befc6512f400aaec", size = 11843403, upload-time = "2026-06-04T16:32:39.76Z" },
    { url = "https://files.pythonhosted.org/packages/15/19/016553f86f207450aebebc2b2b5088d086b901cc8186c02ac4284db3bd88/ruff-0.15.16-py3-none-win_arm64.whl", hash = "sha256:8cd61783afb39638a7133ef0d2dfb1e91277593962f81b5a8423eb0b888a6121", size = 11134555, upload-time = "2026-06-04T16:33:00.136Z" },
]

[[package]]
name = "six"
version = "1.17.0"
source = { registry = "https://pypi.org/simple" }
sdist = { url = "https://files.pythonhosted.org/packages/94/e7/b2c673351809dca68a0e064b6af791aa332cf192da575fd474ed7d6f16a2/six-1.17.0.tar.gz", hash = "sha256:ff70335d468e7eb6ec65b95b99d3a2836546063f63acc5171de367e834932a81", size = 34031, upload-time = "2024-12-04T17:35:28.174Z" }
wheels = [
    { url = "https://files.pythonhosted.org/packages/b7/ce/149a00dd41f10bc29e5921b496af8b574d8413afcd5e30dfa0ed46c2cc5e/six-1.17.0-py2.py3-none-any.whl", hash = "sha256:4721f391ed90541fddacab5acf947aa0d3dc7d27b2e1e8eda2be8970586c3274", size = 11050, upload-time = "2024-12-04T17:35:26.475Z" },
]

[[package]]
name = "ty"
version = "0.0.44"
source = { registry = "https://pypi.org/simple" }
sdist = { url = "https://files.pythonhosted.org/packages/13/f4/fbb120226e4f239652525a664bad976a23fea58c646d1323f2296fee8a61/ty-0.0.44.tar.gz", hash = "sha256:5886229830ab77022842a1c55d2ef57405621a91fc465969fa6d538661898173", size = 5803665, upload-time = "2026-06-05T03:33:48.612Z" }
wheels = [
    { url = "https://files.pythonhosted.org/packages/e8/c6/b5b8c4762efb4d85401652658786506867553ecfc2beac3bcf361a15937f/ty-0.0.44-py3-none-linux_armv6l.whl", hash = "sha256:272d31e7ad49b1dc5e8465a9fe700354e14c755b40d9c75f08f031d786903df3", size = 11607267, upload-time = "2026-06-05T03:33:27.154Z" },
    { url = "https://files.pythonhosted.org/packages/1c/5c/f4b405570737f44ab0fc4214117fe43353f8f0825a1823d9e99e9c8e57be/ty-0.0.44-py3-none-macosx_10_12_x86_64.whl", hash = "sha256:b92c4ddd7a3daf2049715edec9dc70cf6fd31a5a318ee647258f90dd75495eed", size = 11382826, upload-time = "2026-06-05T03:33:54.374Z" },
    { url = "https://files.pythonhosted.org/packages/9d/aa/fb9835aa492b148d7754cb4c3db07f31a7e2e09f0d8e0e8e297f01125dd2/ty-0.0.44-py3-none-macosx_11_0_arm64.whl", hash = "sha256:4d42cfd84a690f6654b2a4f0515027c21b692cf2512d32e6433f754893a95609", size = 10809741, upload-time = "2026-06-05T03:33:33.22Z" },
    { url = "https://files.pythonhosted.org/packages/47/f5/0b20ba6b66837a5a37bab7f74ac0732c66e766b5f0b2d55b30816b15f348/ty-0.0.44-py3-none-manylinux_2_17_aarch64.manylinux2014_aarch64.whl", hash = "sha256:5dc47ae87e4cb7db2a9166bb23b78a905c3626e523296ec5bccf36b5e89bda6b", size = 11318153, upload-time = "2026-06-05T03:34:09.403Z" },
    { url = "https://files.pythonhosted.org/packages/ca/bb/b82ea730774a4f950f06d355fbc120d51eac7da23b57fc79ef6ff7c79cbb/ty-0.0.44-py3-none-manylinux_2_17_armv7l.manylinux2014_armv7l.whl", hash = "sha256:46d867e80f16f421ac72c9a85240dbf050d62d9b3fbd10a8b5b082fb21679e0b", size = 11403108, upload-time = "2026-06-05T03:33:57.745Z" },
    { url = "https://files.pythonhosted.org/packages/8b/41/e2c83856165291049c702eda4e2ef3d3ebd875e8a0a77b8cc4ef3156aa1c/ty-0.0.44-py3-none-manylinux_2_17_i686.manylinux2014_i686.whl", hash = "sha256:411f5de0f96a4e4e5cccc3e0d55954c41f6a99ee6ca1fe5a7226cbc68406e053", size = 11944815, upload-time = "2026-06-05T03:34:15.793Z" },
    { url = "https://files.pythonhosted.org/packages/66/95/1fa6a101eb9d5bec042b87e5ca9c8fc349b75961beca6306f95af5cd5539/ty-0.0.44-py3-none-manylinux_2_17_ppc64le.manylinux2014_ppc64le.whl", hash = "sha256:4b15f01ecb4e2b46c05a1769293f9d32c3d4a1e4e7dfccf37c604d705dc3e3f4", size = 12476121, upload-time = "2026-06-05T03:33:51.529Z" },
    { url = "https://files.pythonhosted.org/packages/72/6a/da4b45b1229d39207c6140681c2aaf4f5691bcb1dc830b84450ca25c8f57/ty-0.0.44-py3-none-manylinux_2_17_s390x.manylinux2014_s390x.whl", hash = "sha256:edd32b7467af509c99c0244c2226a4e4c03400699003ec33373282ab931654d9", size = 12091340, upload-time = "2026-06-05T03:33:36.289Z" },
    { url = "https://files.pythonhosted.org/packages/16/c7/e1c9260ea5188195962ff1214ace418b5d69187e8fa7c0a1ec4994b8071b/ty-0.0.44-py3-none-manylinux_2_17_x86_64.manylinux2014_x86_64.whl", hash = "sha256:503a585f4007387c3afc58bae23a7ca1b9f236cbdb1a881dc36110655ceb1937", size = 11986201, upload-time = "2026-06-05T03:34:00.624Z" },
    { url = "https://files.pythonhosted.org/packages/92/f9/312bb112da9b1a7da295bb0426be85e72ad48da4e4266c36d77256b4058d/ty-0.0.44-py3-none-manylinux_2_31_riscv64.whl", hash = "sha256:2d28bcfa83243d77c2316944e8cf197f73597bf17d1ddc047d0b10a762531252", size = 12168475, upload-time = "2026-06-05T03:33:30.386Z" },
    { url = "https://files.pythonhosted.org/packages/02/de/64978d603f6c3e5dd7cb97eca2214567d8ad0c85fa4a7435b7852ae4b779/ty-0.0.44-py3-none-musllinux_1_2_aarch64.whl", hash = "sha256:56fd2dd0192def189715b25f5338f6222fb827884dc34111e50aa1c4e061cee5", size = 11292937, upload-time = "2026-06-05T03:34:06.448Z" },
    { url = "https://files.pythonhosted.org/packages/64/63/a625d8a3c71dcaa01988d330f849c465fe72ead4b0bbab44fe4bd6e672b5/ty-0.0.44-py3-none-musllinux_1_2_armv7l.whl", hash = "sha256:7f8d990489032de1984e73c159f3e760d754cf83a602b874827d943821f63595", size = 11421560, upload-time = "2026-06-05T03:33:23.995Z" },
    { url = "https://files.pythonhosted.org/packages/99/96/61aeba0e629b0c91bd316ff94d00e38817ec493ae4316f39508988daa287/ty-0.0.44-py3-none-musllinux_1_2_i686.whl", hash = "sha256:f61ffe72996a755432922fe90b28db593f572eb5cbf48e3ef4e67b282533d1b0", size = 11580282, upload-time = "2026-06-05T03:34:03.308Z" },
    { url = "https://files.pythonhosted.org/packages/fa/f7/256e1538ce21cab67b381201444c42454de69d310059c4929d92a0ee9c48/ty-0.0.44-py3-none-musllinux_1_2_x86_64.whl", hash = "sha256:2b237a143bac4f30cec9257d45f01e72da97030a80a09a2b69cfef065f09c37f", size = 12085723, upload-time = "2026-06-05T03:33:45.953Z" },
    { url = "https://files.pythonhosted.org/packages/d3/76/ec3957c10872643a98db7a7895101ad89c5b7cba4bc6c4aebbbfc91756cc/ty-0.0.44-py3-none-win32.whl", hash = "sha256:6a24586c65419223ac5bab4822d49ab493a5d19ea2a897514284c232b9d6166a", size = 10892978, upload-time = "2026-06-05T03:34:12.603Z" },
    { url = "https://files.pythonhosted.org/packages/a5/7d/ba24050432196e7d7f03945e5c379951593c48e04e5c5d5275cfc4624791/ty-0.0.44-py3-none-win_amd64.whl", hash = "sha256:8cccb27e348c89a9733fbad1b2efadfbad79b107c7e52adb52dfd8a70156a38d", size = 11987058, upload-time = "2026-06-05T03:33:42.692Z" },
    { url = "https://files.pythonhosted.org/packages/71/34/16ec3f1fec75292d9c56a8b5fef037ceaba85a5c30562206c1a245a00a67/ty-0.0.44-py3-none-win_arm64.whl", hash = "sha256:58049504e7a12bf1957f24a5384a332c94d5590127083a80db5e5a1bed34190b", size = 11329961, upload-time = "2026-06-05T03:33:39.427Z" },
]

[[package]]
name = "typeguard"
version = "2.13.3"
source = { registry = "https://pypi.org/simple" }
sdist = { url = "https://files.pythonhosted.org/packages/3a/38/c61bfcf62a7b572b5e9363a802ff92559cb427ee963048e1442e3aef7490/typeguard-2.13.3.tar.gz", hash = "sha256:00edaa8da3a133674796cf5ea87d9f4b4c367d77476e185e80251cc13dfbb8c4", size = 40604, upload-time = "2021-12-10T21:09:39.158Z" }
wheels = [
    { url = "https://files.pythonhosted.org/packages/9a/bb/d43e5c75054e53efce310e79d63df0ac3f25e34c926be5dffb7d283fb2a8/typeguard-2.13.3-py3-none-any.whl", hash = "sha256:5e3e3be01e887e7eafae5af63d1f36c849aaa94e3a0112097312aabfa16284f1", size = 17605, upload-time = "2021-12-10T21:09:37.844Z" },
]

[[package]]
name = "typing-extensions"
version = "4.15.0"
source = { registry = "https://pypi.org/simple" }
sdist = { url = "https://files.pythonhosted.org/packages/72/94/1a15dd82efb362ac84269196e94cf00f187f7ed21c242792a923cdb1c61f/typing_extensions-4.15.0.tar.gz", hash = "sha256:0cea48d173cc12fa28ecabc3b837ea3cf6f38c6d1136f85cbaaf598984861466", size = 109391, upload-time = "2025-08-25T13:49:26.313Z" }
wheels = [
    { url = "https://files.pythonhosted.org/packages/18/67/36e9267722cc04a6b9f15c7f3441c2363321a3ea07da7ae0c0707beb2a9c/typing_extensions-4.15.0-py3-none-any.whl", hash = "sha256:f0fa19c6845758ab08074a0cfa8b7aecb71c999ca73d62883bc25cc018c4e548", size = 44614, upload-time = "2025-08-25T13:49:24.86Z" },
]
