version = 1
revision = 3
requires-python = "==3.13.*"

[[package]]
name = "attrs"
version = "25.4.0"
source = { registry = "https://pypi.org/simple" }
sdist = { url = "https://files.pythonhosted.org/packages/6b/5c/685e6633917e101e5dcb62b9dd76946cbb57c26e133bae9e0cd36033c0a9/attrs-25.4.0.tar.gz", hash = "sha256:16d5969b87f0859ef33a48b35d55ac1be6e42ae49d5e853b597db70c35c57e11", size = 934251, upload-time = "2025-10-06T13:54:44.725Z" }
wheels = [
    { url = "https://files.pythonhosted.org/packages/3a/2a/7cc015f5b9f5db42b7d48157e23356022889fc354a2813c15934b7cb5c0e/attrs-25.4.0-py3-none-any.whl", hash = "sha256:adcf7e2a1fb3b36ac48d97835bb6d8ade15b8dcce26aba8bf1d14847b57a3373", size = 67615, upload-time = "2025-10-06T13:54:43.17Z" },
]

[[package]]
name = "aws-cdk-asset-awscli-v1"
version = "2.2.292"
source = { registry = "https://pypi.org/simple" }
dependencies = [
    { name = "jsii" },
    { name = "publication" },
]
sdist = { url = "https://files.pythonhosted.org/packages/cf/2c/cb258b03e0fa3dcfd6e73e081e81783bbe138ab96641b49fe134308b9c5b/aws_cdk_asset_awscli_v1-2.2.292.tar.gz", hash = "sha256:06da203eeaecbbbf5f1ecd3b12140104e6a59b6a7f6182cfbda5c5deda4b6344", size = 21189256, upload-time = "2026-08-03T15:28:55.2Z" }
wheels = [
    { url = "https://files.pythonhosted.org/packages/a5/23/c307fefce170e5703b102398d6c541a9b52534a43718760c58677e62e98a/aws_cdk_asset_awscli_v1-2.2.292-py3-none-any.whl", hash = "sha256:01cfb33e2913df2d63448b0954ea4ed1bcb1d064514b4b7aa266eda915e8ebfc", size = 21187714, upload-time = "2026-08-03T15:28:51.844Z" },
]

[[package]]
name = "aws-cdk-asset-node-proxy-agent-v6"
version = "2.1.2"
source = { registry = "https://pypi.org/simple" }
dependencies = [
    { name = "jsii" },
    { name = "publication" },
    { name = "typeguard" },
]
sdist = { url = "https://files.pythonhosted.org/packages/10/e3/92e49ecaa002b4ac54371538991389c248577cbae7394ea9d1261ff41078/aws_cdk_asset_node_proxy_agent_v6-2.1.2.tar.gz", hash = "sha256:1340588dd351dcae37e07188f39075364f73ccde6ed9468c1184b06ada4af665", size = 1534674, upload-time = "2026-05-15T08:14:19.895Z" }
wheels = [
    { url = "https://files.pythonhosted.org/packages/1e/06/29837eb8ae4dc82ed2e593e4b24449394393b9a8a247b0ce2cee811e5cbb/aws_cdk_asset_node_proxy_agent_v6-2.1.2-py3-none-any.whl", hash = "sha256:1028bff16fdb87b8c82404e9b48f32ed383429dece84067f47379c4049da5da4", size = 1533233, upload-time = "2026-05-15T08:14:17.622Z" },
]

[[package]]
name = "aws-cdk-cloud-assembly-schema"
version = "54.17.0"
source = { registry = "https://pypi.org/simple" }
dependencies = [
    { name = "jsii" },
    { name = "publication" },
]
sdist = { url = "https://files.pythonhosted.org/packages/85/c9/732b7ca25bcc8a2bb80aeaa9c34ab2fd111a53477742d2f7b68937b7a180/aws_cdk_cloud_assembly_schema-54.17.0.tar.gz", hash = "sha256:ecf54cbd656c8c85a8df47291be791e60c92e8aca193757667024e7805adf55d", size = 282890, upload-time = "2026-08-07T13:29:27.528Z" }
wheels = [
    { url = "https://files.pythonhosted.org/packages/72/e2/590fa96d944601c88eb2e6160071af413a0347ea4f561f043f14e0220744/aws_cdk_cloud_assembly_schema-54.17.0-py3-none-any.whl", hash = "sha256:d727b55da80b44ec02c6eb74b3f7271656e3a47f761b4d6b41784303cbf94308", size = 281957, upload-time = "2026-08-07T13:29:25.57Z" },
]

[[package]]
name = "aws-cdk-github-oidc"
version = "5.2.0"
source = { registry = "https://pypi.org/simple" }
dependencies = [
    { name = "aws-cdk-lib" },
    { name = "constructs" },
    { name = "jsii" },
    { name = "publication" },
]
sdist = { url = "https://files.pythonhosted.org/packages/c6/c2/07a25397639fb63187cf887ad82dc877443ca813f55f3feb5d2ff97e8371/aws_cdk_github_oidc-5.2.0.tar.gz", hash = "sha256:c80e00fe80376569b19084c2b43b7d175aa24dca0f961c65fd9326ea3162ae6a", size = 127564, upload-time = "2026-09-23T21:02:23.246Z" }
wheels = [
    { url = "https://files.pythonhosted.org/packages/51/8e/1e844f3dadba30ebe3ac946445ea6030b960beb1d26940872ac950d005f9/aws_cdk_github_oidc-5.2.0-py3-none-any.whl", hash = "sha256:117315439afcc449e655d961168d907f8091c05236314a34fc38f1f6d9c759a2", size = 125598, upload-time = "2026-09-23T21:02:21.711Z" },
]

[[package]]
name = "aws-cdk-lib"
version = "2.267.0"
source = { registry = "https://pypi.org/simple" }
dependencies = [
    { name = "aws-cdk-asset-awscli-v1" },
    { name = "aws-cdk-asset-node-proxy-agent-v6" },
    { name = "aws-cdk-cloud-assembly-schema" },
    { name = "constructs" },
    { name = "jsii" },
    { name = "publication" },
]
sdist = { url = "https://files.pythonhosted.org/packages/3e/fc/9f6994dcef352b4ef5c3ae2ba3b92d224824ce96b41c1af900a702e253e7/aws_cdk_lib-2.267.0.tar.gz", hash = "sha256:2778f1befdda7401ad064d60f5442858c2dad2a1a87591264ca6f17da6ebd4a2", size = 55941121, upload-time = "2026-08-27T18:25:51.661Z" }
wheels = [
    { url = "https://files.pythonhosted.org/packages/57/d3/13b384feaf2f33295d6b39532374951a9ae3598495d8bd336a0ccd8f807e/aws_cdk_lib-2.267.0-py3-none-any.whl", hash = "sha256:83e269742e10069b5df80b2b99ec55ffb097f31cbf62317b6cf44eb63d4a9430", size = 56644259, upload-time = "2026-08-27T18:25:10.109Z" },
]

[[package]]
name = "aws-cdk-python-starter-kit"
version = "2.101.0"
source = { virtual = "." }
dependencies = [
    { name = "aws-cdk-github-oidc" },
    { name = "aws-cdk-lib" },
    { name = "constructs" },
]

[package.dev-dependencies]
dev = [
    { name = "projen" },
    { name = "pytest" },
    { name = "ruff" },
    { name = "ty" },
]

[package.metadata]
requires-dist = [
    { name = "aws-cdk-github-oidc" },
    { name = "aws-cdk-lib", specifier = "==2.267.0" },
    { name = "constructs", specifier = ">=10.5.1,<11.0.0" },
]

[package.metadata.requires-dev]
dev = [
    { name = "projen", specifier = "==0.103.7" },
    { name = "pytest", specifier = "==9.1.1" },
    { name = "ruff" },
    { name = "ty" },
]

[[package]]
name = "cattrs"
version = "25.3.0"
source = { registry = "https://pypi.org/simple" }
dependencies = [
    { name = "attrs" },
    { name = "typing-extensions" },
]
sdist = { url = "https://files.pythonhosted.org/packages/6e/00/2432bb2d445b39b5407f0a90e01b9a271475eea7caf913d7a86bcb956385/cattrs-25.3.0.tar.gz", hash = "sha256:1ac88d9e5eda10436c4517e390a4142d88638fe682c436c93db7ce4a277b884a", size = 509321, upload-time = "2025-10-07T12:26:08.737Z" }
wheels = [
    { url = "https://files.pythonhosted.org/packages/d8/2b/a40e1488fdfa02d3f9a653a61a5935ea08b3c2225ee818db6a76c7ba9695/cattrs-25.3.0-py3-none-any.whl", hash = "sha256:9896e84e0a5bf723bc7b4b68f4481785367ce07a8a02e7e9ee6eb2819bc306ff", size = 70738, upload-time = "2025-10-07T12:26:06.603Z" },
]

[[package]]
name = "colorama"
version = "0.4.6"
source = { registry = "https://pypi.org/simple" }
sdist = { url = "https://files.pythonhosted.org/packages/d8/53/6f443c9a4a8358a93a6792e2acffb9d9d5cb0a5cfd8802644b7b1c9a02e4/colorama-0.4.6.tar.gz", hash = "sha256:08695f5cb7ed6e0531a20572697297273c47b8cae5a63ffc6d6ed5c201be6e44", size = 27697, upload-time = "2022-10-25T02:36:22.414Z" }
wheels = [
    { url = "https://files.pythonhosted.org/packages/d1/d6/3965ed04c63042e047cb6a3e6ed1a63a35087b6a609aa3a15ed8ac56c221/colorama-0.4.6-py2.py3-none-any.whl", hash = "sha256:4f1d9991f5acc0ca119f9d443620b77f9d6b33703e51011c16baf57afb285fc6", size = 25335, upload-time = "2022-10-25T02:36:20.889Z" },
]

[[package]]
name = "constructs"
version = "10.8.1"
source = { registry = "https://pypi.org/simple" }
dependencies = [
    { name = "jsii" },
    { name = "publication" },
]
sdist = { url = "https://files.pythonhosted.org/packages/d1/7e/5caadda94765496d4096528bcc432ae256ade10cf4b847e88a5d09918c1d/constructs-10.8.1.tar.gz", hash = "sha256:9f6e4eb1f6b8b1ac8dcbc85457dcbb1e3f9bd93bbeef03154f6cc7fbbba74b06", size = 788838, upload-time = "2026-08-03T15:28:03.745Z" }
wheels = [
    { url = "https://files.pythonhosted.org/packages/2d/df/3afc4e2c4c6bdf58bfe27d7e082f82f3364562592613c159209ed50ddd16/constructs-10.8.1-py3-none-any.whl", hash = "sha256:f71297db64723889147c82de46dcacaa76b120f856d5b5ac5f65abb22ea88355", size = 787025, upload-time = "2026-08-03T15:28:02.082Z" },
]

[[package]]
name = "iniconfig"
version = "2.3.0"
source = { registry = "https://pypi.org/simple" }
sdist = { url = "https://files.pythonhosted.org/packages/72/34/14ca021ce8e5dfedc35312d08ba8bf51fdd999c576889fc2c24cb97f4f10/iniconfig-2.3.0.tar.gz", hash = "sha256:c76315c77db068650d49c5b56314774a7804df16fee4402c1f19d6d15d8c4730", size = 20503, upload-time = "2025-10-18T21:55:43.219Z" }
wheels = [
    { url = "https://files.pythonhosted.org/packages/cb/b1/3846dd7f199d53cb17f49cba7e651e9ce294d8497c8c150530ed11865bb8/iniconfig-2.3.0-py3-none-any.whl", hash = "sha256:f631c04d2c48c52b84d0d0549c99ff3859c98df65b3101406327ecc7d53fbf12", size = 7484, upload-time = "2025-10-18T21:55:41.639Z" },
]

[[package]]
name = "jsii"
version = "1.140.0"
source = { registry = "https://pypi.org/simple" }
dependencies = [
    { name = "attrs" },
    { name = "cattrs" },
    { name = "publication" },
    { name = "python-dateutil" },
    { name = "typeguard" },
    { name = "typing-extensions" },
]
sdist = { url = "https://files.pythonhosted.org/packages/c0/3e/b3edc1319658b3cc45dcf2d7b61742a4fcda5d453ef9583cdfccfe90ab77/jsii-1.140.0.tar.gz", hash = "sha256:454c874d963a862f6b90bc013c45a720e51292659f57249d9cae7cb2a189ec0e", size = 532926, upload-time = "2026-08-24T18:41:31.05Z" }
wheels = [
    { url = "https://files.pythonhosted.org/packages/38/c6/78745af0249f2f1c1d2f2112dbcde0a4025daac1d0125a685163197c9fac/jsii-1.140.0-py3-none-any.whl", hash = "sha256:aa24f27d15d8d7db1ff32a9c56074bc87e728b30330ead97fb149419a3721a50", size = 503205, upload-time = "2026-08-24T18:41:29.071Z" },
]

[[package]]
name = "packaging"
version = "26.0"
source = { registry = "https://pypi.org/simple" }
sdist = { url = "https://files.pythonhosted.org/packages/65/ee/299d360cdc32edc7d2cf530f3accf79c4fca01e96ffc950d8a52213bd8e4/packaging-26.0.tar.gz", hash = "sha256:00243ae351a257117b6a241061796684b084ed1c516a08c48a3f7e147a9d80b4", size = 143416, upload-time = "2026-01-21T20:50:39.064Z" }
wheels = [
    { url = "https://files.pythonhosted.org/packages/b7/b9/c538f279a4e237a006a2c98387d081e9eb060d203d8ed34467cc0f0b9b53/packaging-26.0-py3-none-any.whl", hash = "sha256:b36f1fef9334a5588b4166f8bcd26a14e521f2b55e6b9de3aaa80d3ff7a37529", size = 74366, upload-time = "2026-01-21T20:50:37.788Z" },
]

[[package]]
name = "pluggy"
version = "1.6.0"
source = { registry = "https://pypi.org/simple" }
sdist = { url = "https://files.pythonhosted.org/packages/f9/e2/3e91f31a7d2b083fe6ef3fa267035b518369d9511ffab804f839851d2779/pluggy-1.6.0.tar.gz", hash = "sha256:7dcc130b76258d33b90f61b658791dede3486c3e6bfb003ee5c9bfb396dd22f3", size = 69412, upload-time = "2025-05-15T12:30:07.975Z" }
wheels = [
    { url = "https://files.pythonhosted.org/packages/54/20/4d324d65cc6d9205fabedc306948156824eb9f0ee1633355a8f7ec5c66bf/pluggy-1.6.0-py3-none-any.whl", hash = "sha256:e920276dd6813095e9377c0bc5566d94c932c33b27a3e3945d8389c374dd4746", size = 20538, upload-time = "2025-05-15T12:30:06.134Z" },
]

[[package]]
name = "projen"
version = "0.103.7"
source = { registry = "https://pypi.org/simple" }
dependencies = [
    { name = "constructs" },
    { name = "jsii" },
    { name = "publication" },
]
sdist = { url = "https://files.pythonhosted.org/packages/49/b9/8c4641ef185daedd388777e20108a7c4adfd22c1ba303b785e9719d25071/projen-0.103.7.tar.gz", hash = "sha256:259f9beb55638aa5bd16f0fd212f378d7fc621e593325280a41a5229f07e2801", size = 5567825, upload-time = "2026-08-28T10:18:10.102Z" }
wheels = [
    { url = "https://files.pythonhosted.org/packages/78/52/84971422f5e4274c2d4faad2195ff7ef067851184a561791ee38cb4abc6b/projen-0.103.7-py3-none-any.whl", hash = "sha256:237efcf349eded9b9b5f097501f74e4e3d02b97fea4dc459972e8833009ddcbb", size = 5574752, upload-time = "2026-08-28T10:18:07.719Z" },
]

[[package]]
name = "publication"
version = "0.0.3"
source = { registry = "https://pypi.org/simple" }
sdist = { url = "https://files.pythonhosted.org/packages/6b/8e/8c9fe7e32fdf9c386f83d59610cc819a25dadb874b5920f2d0ef7d35f46d/publication-0.0.3.tar.gz", hash = "sha256:68416a0de76dddcdd2930d1c8ef853a743cc96c82416c4e4d3b5d901c6276dc4", size = 5484, upload-time = "2019-01-15T07:52:23.914Z" }
wheels = [
    { url = "https://files.pythonhosted.org/packages/f8/d3/6308debad7afcdb3ea5f50b4b3d852f41eb566a311fbcb4da23755a28155/publication-0.0.3-py2.py3-none-any.whl", hash = "sha256:0248885351febc11d8a1098d5c8e3ab2dabcf3e8c0c96db1e17ecd12b53afbe6", size = 7687, upload-time = "2019-01-15T07:52:22.151Z" },
]

[[package]]
name = "pygments"
version = "2.20.0"
source = { registry = "https://pypi.org/simple" }
sdist = { url = "https://files.pythonhosted.org/packages/c3/b2/bc9c9196916376152d655522fdcebac55e66de6603a76a02bca1b6414f6c/pygments-2.20.0.tar.gz", hash = "sha256:6757cd03768053ff99f3039c1a36d6c0aa0b263438fcab17520b30a303a82b5f", size = 4955991, upload-time = "2026-03-29T13:29:33.898Z" }
wheels = [
    { url = "https://files.pythonhosted.org/packages/f4/7e/a72dd26f3b0f4f2bf1dd8923c85f7ceb43172af56d63c7383eb62b332364/pygments-2.20.0-py3-none-any.whl", hash = "sha256:81a9e26dd42fd28a23a2d169d86d7ac03b46e2f8b59ed4698fb4785f946d0176", size = 1231151, upload-time = "2026-03-29T13:29:30.038Z" },
]

[[package]]
name = "pytest"
version = "9.1.1"
source = { registry = "https://pypi.org/simple" }
dependencies = [
    { name = "colorama", marker = "sys_platform == 'win32'" },
    { name = "iniconfig" },
    { name = "packaging" },
    { name = "pluggy" },
    { name = "pygments" },
]
sdist = { url = "https://files.pythonhosted.org/packages/e4/47/b9efed96c114afcfa3c9d3fe98a76a1d14c74a9e266d397cf6eb64be5e01/pytest-9.1.1.tar.gz", hash = "sha256:1088fbde8f2b49d95a549a195707afa7a76a3ce9bcadc26b6d71f0ffda5fe313", size = 1636369, upload-time = "2026-06-19T10:58:32.857Z" }
wheels = [
    { url = "https://files.pythonhosted.org/packages/24/25/1de2678b631f5a49215c6c96fff41ba892b0a34df68d6d80292b1b48aa7f/pytest-9.1.1-py3-none-any.whl", hash = "sha256:37a86b45efb9a47a61a36449063e8e18d0cab3161329fc099eb21783169c4f0c", size = 386536, upload-time = "2026-06-19T10:58:31.347Z" },
]

[[package]]
name = "python-dateutil"
version = "2.9.0.post0"
source = { registry = "https://pypi.org/simple" }
dependencies = [
    { name = "six" },
]
sdist = { url = "https://files.pythonhosted.org/packages/66/c0/0c8b6ad9f17a802ee498c46e004a0eb49bc148f2fd230864601a86dcf6db/python-dateutil-2.9.0.post0.tar.gz", hash = "sha256:37dd54208da7e1cd875388217d5e00ebd4179249f90fb72437e91a35459a0ad3", size = 342432, upload-time = "2024-03-01T18:36:20.211Z" }
wheels = [
    { url = "https://files.pythonhosted.org/packages/ec/57/56b9bcc3c9c6a792fcbaf139543cee77261f3651ca9da0c93f5c1221264b/python_dateutil-2.9.0.post0-py2.py3-none-any.whl", hash = "sha256:a8b2bc7bffae282281c8140a97d3aa9c14da0b136dfe83f850eea9a5f7470427", size = 229892, upload-time = "2024-03-01T18:36:18.57Z" },
]

[[package]]
name = "ruff"
version = "0.16.10"
source = { registry = "https://pypi.org/simple" }
sdist = { url = "https://files.pythonhosted.org/packages/c4/49/23802c45f093eb14bde54b141d2b2f058edfa63a06db7beed047308cc08f/ruff-0.16.10.tar.gz", hash = "sha256:eff4728c4eaae93f0955cd264d24b2ab348e74bf59986ccf282ba6dc16b3b017", size = 4958724, upload-time = "2026-10-01T18:03:21.697Z" }
wheels = [
    { url = "https://files.pythonhosted.org/packages/2f/21/ebce22e1d90cdb2cd691026b9c6e9bec6499f0b396089481755b5d49efff/ruff-0.16.10-py3-none-linux_armv6l.whl", hash = "sha256:488b0fe3f3574210e5cf80d9f59b9e3ab17a127a8155de3f307b392589cfb511", size = 10095557, upload-time = "2026-10-01T18:02:36.072Z" },
    { url = "https://files.pythonhosted.org/packages/cb/98/a54de85876a8b2612bfa0d84c7b9abfb39c6a3354aee7800b09c1649b9e3/ruff-0.16.10-py3-none-macosx_10_12_x86_64.whl", hash = "sha256:e748ff95c934c4e978783b8e687bc174e7bd84e8ad24e3243e1ecfcda5e0282d", size = 10340577, upload-time = "2026-10-01T18:02:39.258Z" },
    { url = "https://files.pythonhosted.org/packages/9f/16/1a5a4a2657effe4806110f2b907313802f1367fcdbb29e8122766e407fab/ruff-0.16.10-py3-none-macosx_11_0_arm64.whl", hash = "sha256:3031a4a2e8e7b8a46f70be45f198c35a11ece509a94b80334d8d397a33c67550", size = 9774282, upload-time = "2026-10-01T18:02:41.79Z" },
    { url = "https://files.pythonhosted.org/packages/6e/fb/470085af734da396e68cd80fb0a3e7c109a459716ae59588c0f6fab8a17d/ruff-0.16.10-py3-none-manylinux_2_17_aarch64.manylinux2014_aarch64.whl", hash = "sha256:494401c86df4c4c25f69b9419605d944467ee98c42fb6ad405ef4fa40b8fb67d", size = 9920895, upload-time = "2026-10-01T18:02:44.458Z" },
    { url = "https://files.pythonhosted.org/packages/57/de/f10cffe4f88a37ea6615ec460f01bf76f0bc1477737a35d9ee61a630a78b/ruff-0.16.10-py3-none-manylinux_2_17_armv7l.manylinux2014_armv7l.whl", hash = "sha256:d203abc0ff2b773ee33d00ab8df0bb67046fbc7c07b119332f08b9b345cf8221", size = 9902707, upload-time = "2026-10-01T18:02:47.041Z" },
    { url = "https://files.pythonhosted.org/packages/ff/44/3fdcedf83ae60ef837dd239170e480dce606a9142cfa2db911afdf855fd9/ruff-0.16.10-py3-none-manylinux_2_17_i686.manylinux2014_i686.whl", hash = "sha256:bd83d1235a5258d318477bc5b576303974cbdef5df0c01a1bff14efcc23bd12a", size = 10619287, upload-time = "2026-10-01T18:02:49.485Z" },
    { url = "https://files.pythonhosted.org/packages/c1/62/02e76a5574002153618eafbb70e159468addc72a5d2c488e65cbb4639d2d/ruff-0.16.10-py3-none-manylinux_2_17_ppc64le.manylinux2014_ppc64le.whl", hash = "sha256:bc2610fb269fa56dd8a68669ae470fa6272902668c0fc2ebc3aa112b2633d5b8", size = 11339942, upload-time = "2026-10-01T18:02:52.008Z" },
    { url = "https://files.pythonhosted.org/packages/6b/c4/cde27d47ad8d4126c587e608c67c46e7feac11763f606d261a1bc8a489e6/ruff-0.16.10-py3-none-manylinux_2_17_s390x.manylinux2014_s390x.whl", hash = "sha256:3e70175e29cc94c26ea296c80e470180b744b7419026898e58f520c6ab32578e", size = 10934316, upload-time = "2026-10-01T18:02:54.811Z" },
    { url = "https://files.pythonhosted.org/packages/e4/03/17234145f302a645a123e8c3bb2411ecf4669fbc350de3b0d803230a1729/ruff-0.16.10-py3-none-manylinux_2_17_x86_64.manylinux2014_x86_64.whl", hash = "sha256:f33f43a864a8483eebd160e713336c8bab02c934feaff0a33cf5ccb41546d09a", size = 10387968, upload-time = "2026-10-01T18:02:57.497Z" },
    { url = "https://files.pythonhosted.org/packages/71/29/2493af60240ee7644b38a4b821f5f9c3b5a4fa3178770fe1d0c685217395/ruff-0.16.10-py3-none-manylinux_2_31_riscv64.whl", hash = "sha256:1dfc6f0088149fb6a362c1c446bcbb3fd2157b3852fe2fa68409276eab9ad9b3", size = 10537906, upload-time = "2026-10-01T18:03:00.006Z" },
    { url = "https://files.pythonhosted.org/packages/2e/9a/f56b28f3b143bb9e518c34fb89ab191b626bca8b70dbf8af0d2e2d473572/ruff-0.16.10-py3-none-musllinux_1_2_aarch64.whl", hash = "sha256:6553498afc35f580f036030795810b9e6bcea31604b0fd9e8d352795473042e3", size = 10012938, upload-time = "2026-10-01T18:03:03.006Z" },
    { url = "https://files.pythonhosted.org/packages/c2/c4/fca37362848ea4d4d80712df13632e645e7c7cfb1bdedf140699ac7a090b/ruff-0.16.10-py3-none-musllinux_1_2_armv7l.whl", hash = "sha256:a3b8471dea115d37f123882be852bed13403746d3a76c11de4a19ec5f9ff5a03", size = 9897945, upload-time = "2026-10-01T18:03:05.818Z" },
    { url = "https://files.pythonhosted.org/packages/7d/c7/e0bc57664d6e0c61fd22f620af260fe9662d7e1ddb320ea7f160e76ef165/ruff-0.16.10-py3-none-musllinux_1_2_i686.whl", hash = "sha256:92e59a70bcbd9d3a5483656da906ec28edfdacfce00afd99edb8b4e9d15644be", size = 10333134, upload-time = "2026-10-01T18:03:08.25Z" },
    { url = "https://files.pythonhosted.org/packages/21/aa/5c9f3b68737c0e4a33a1db5dfab44f7b786d96ca91a7233112ddab1e6dc2/ruff-0.16.10-py3-none-musllinux_1_2_x86_64.whl", hash = "sha256:7ae7375f803b5520dc9f546bed7e3a0acb70b91812e9bb4b19927de22f25b77d", size = 10741702, upload-time = "2026-10-01T18:03:10.775Z" },
    { url = "https://files.pythonhosted.org/packages/78/fa/0f9c2020dc316c53d983be011720b8157cc052b97e3f4dfa7db6d0f880a6/ruff-0.16.10-py3-none-win32.whl", hash = "sha256:2a12e01cb9156c10c466f63b46eaae5ecea28dfbd21b5836353ae498e7d1349a", size = 10139176, upload-time = "2026-10-01T18:03:13.267Z" },
    { url = "https://files.pythonhosted.org/packages/99/29/cfb0df9448d4d4ad48c2de029ada9ebd71baa6da983a6c77ee6c6cd0fe82/ruff-0.16.10-py3-none-win_amd64.whl", hash = "sha256:97f2015c92aa97105b0eab19eb5d224884399281cfc5da86a92db4ab5e7fb2ca", size = 10584734, upload-time = "2026-10-01T18:03:16.006Z" },
    { url = "https://files.pythonhosted.org/packages/fc/05/c16957eb287c3fc062e032619a25868d93d408a844b725bcf514f7a378ff/ruff-0.16.10-py3-none-win_arm64.whl", hash = "sha256:25a65fe998c4e6861ec079ada5826a2fc605e6cbccbe9dcd7fac1f54e791621b", size = 10366440, upload-time = "2026-10-01T18:03:19.04Z" },
]

[[package]]
name = "six"
version = "1.17.0"
source = { registry = "https://pypi.org/simple" }
sdist = { url = "https://files.pythonhosted.org/packages/94/e7/b2c673351809dca68a0e064b6af791aa332cf192da575fd474ed7d6f16a2/six-1.17.0.tar.gz", hash = "sha256:ff70335d468e7eb6ec65b95b99d3a2836546063f63acc5171de367e834932a81", size = 34031, upload-time = "2024-12-04T17:35:28.174Z" }
wheels = [
    { url = "https://files.pythonhosted.org/packages/b7/ce/149a00dd41f10bc29e5921b496af8b574d8413afcd5e30dfa0ed46c2cc5e/six-1.17.0-py2.py3-none-any.whl", hash = "sha256:4721f391ed90541fddacab5acf947aa0d3dc7d27b2e1e8eda2be8970586c3274", size = 11050, upload-time = "2024-12-04T17:35:26.475Z" },
]

[[package]]
name = "ty"
version = "0.0.85"
source = { registry = "https://pypi.org/simple" }
sdist = { url = "https://files.pythonhosted.org/packages/66/8f/8de9c4ff90e7131a3c832ea074e123d551fed84c899d37a522f649ca7c6a/ty-0.0.85.tar.gz", hash = "sha256:ef442cbc2fd6dad02eb00dee4213c1e0f18e09bcbeec2cdce6aa802603c5c6bb", size = 7519853, upload-time = "2026-10-06T22:05:41.732Z" }
wheels = [
    { url = "https://files.pythonhosted.org/packages/1f/06/1716c1778088c5c8f96b248f0e0304e839ca69c096bde82b827bc00e4194/ty-0.0.85-py3-none-linux_armv6l.whl", hash = "sha256:012d71e0dcb51e74599adfb0e5c1416bdac3bf983115e42230545c782b06cfca", size = 14097338, upload-time = "2026-10-06T22:04:58.838Z" },
    { url = "https://files.pythonhosted.org/packages/4a/26/d6b2c7221096c3fa36a0afd4aa8134ffd450df63635ec3862a5a8cf6c9fd/ty-0.0.85-py3-none-macosx_10_12_x86_64.whl", hash = "sha256:391d1993ea3b26509ddb3878dbe79e4cb92487c73109893ee2e51394846e0a69", size = 13684794, upload-time = "2026-10-06T22:05:02.204Z" },
    { url = "https://files.pythonhosted.org/packages/e7/7a/dd1e2e1c54551d61451c18eeb918db833fdbc0a48022fd2bffc93c755735/ty-0.0.85-py3-none-macosx_11_0_arm64.whl", hash = "sha256:90e1bb090348cb560c7ba6109f2c898735b0520fd3114cd316d8bd80439aabb7", size = 13318789, upload-time = "2026-10-06T22:05:04.61Z" },
    { url = "https://files.pythonhosted.org/packages/ff/9c/6c4fc7badf3e1e2e160d0b5c68632d85eb48dd0341422ac44fdd855d1eaf/ty-0.0.85-py3-none-manylinux_2_17_aarch64.manylinux2014_aarch64.whl", hash = "sha256:311c131f735bf76be8852305817d5fd10165d6289c76350f6188b0749a66a7f8", size = 13526827, upload-time = "2026-10-06T22:05:07.046Z" },
    { url = "https://files.pythonhosted.org/packages/ba/e5/f6f2d279ef810d89b688425a72150bbbd84a2d6bf54eb9a5ae172f13e3a5/ty-0.0.85-py3-none-manylinux_2_17_armv7l.manylinux2014_armv7l.whl", hash = "sha256:a0971dc7b2f9e9cabdf654f53c8a40e563921227d05567b670f171cba2b3e385", size = 13823871, upload-time = "2026-10-06T22:05:09.731Z" },
    { url = "https://files.pythonhosted.org/packages/47/5d/1210c1f59e8c8c970807a2f13c180fa953ce58a6ddf28e90564db6f8890d/ty-0.0.85-py3-none-manylinux_2_17_i686.manylinux2014_i686.whl", hash = "sha256:5fada6d10172b4c88d44b1f9697c9f5f40d34f8fb40fe716da0366f094268c9b", size = 14727151, upload-time = "2026-10-06T22:05:12.299Z" },
    { url = "https://files.pythonhosted.org/packages/20/26/cdd96e45c33079174d5cd70649a5ae77758bc209f0685e8a4fecee9b7094/ty-0.0.85-py3-none-manylinux_2_17_ppc64le.manylinux2014_ppc64le.whl", hash = "sha256:d06c9aa616672e9f9856ff7b539be5c3a4719702e5636e58b4196a8c850a884b", size = 15148511, upload-time = "2026-10-06T22:05:15.304Z" },
    { url = "https://files.pythonhosted.org/packages/f0/28/fd471f2edc0f38a70f0494f9949d1983591073555d254031542c0ed29454/ty-0.0.85-py3-none-manylinux_2_17_s390x.manylinux2014_s390x.whl", hash = "sha256:2280d31c369ef61ed9a4c2399cd663340d85a5fd7965a8ad881203ea6b8b130e", size = 15090530, upload-time = "2026-10-06T22:05:17.874Z" },
    { url = "https://files.pythonhosted.org/packages/7b/4f/6ebfe4f14c399856fc80c448ab442521072f688dfde72b075d8a90d7cafa/ty-0.0.85-py3-none-manylinux_2_17_x86_64.manylinux2014_x86_64.whl", hash = "sha256:cc1fff0eab4e73fcc66df761a7a4759da04d3e9c2b82d57c628c50434e2ff0d7", size = 14322051, upload-time = "2026-10-06T22:05:20.366Z" },
    { url = "https://files.pythonhosted.org/packages/36/38/866054d20e12e72a76a37eaf60f1374f7ad4d0b973c145685782065d84cf/ty-0.0.85-py3-none-manylinux_2_31_riscv64.whl", hash = "sha256:453dcb85b5f2486ddc6ade57a50698e9a8d8e3aae34e50f0b20bc5e8c2a3bc2b", size = 14637631, upload-time = "2026-10-06T22:05:22.628Z" },
    { url = "https://files.pythonhosted.org/packages/08/16/700c730b4978de81bab82974c23db0229e58d852e10767e1f1f8b0e217db/ty-0.0.85-py3-none-musllinux_1_2_aarch64.whl", hash = "sha256:820eb594b1d30cd6a0776e59449ed6994b03c27af8da0c287ad351de193eb4a7", size = 13553358, upload-time = "2026-10-06T22:05:24.903Z" },
    { url = "https://files.pythonhosted.org/packages/2e/60/d2dda3a3443d55083429b1eccabed95cbf8769bc61c51831e0ece890780f/ty-0.0.85-py3-none-musllinux_1_2_armv7l.whl", hash = "sha256:4b76c6a2fc5974fc2c5f95156a34f44127be794f4b3dc9793aae5b6a4b774e83", size = 13837412, upload-time = "2026-10-06T22:05:27.163Z" },
    { url = "https://files.pythonhosted.org/packages/f2/54/05043adf78fa5c0440fe9b956505b24d2568da256b60e7479c691510bb92/ty-0.0.85-py3-none-musllinux_1_2_i686.whl", hash = "sha256:0e3a32de0731efce574367fdd680b7524c681909a92e6cf64bb40ad48ccbc110", size = 14167568, upload-time = "2026-10-06T22:05:29.519Z" },
    { url = "https://files.pythonhosted.org/packages/9d/31/0372621051cc807f23d2e9c55bab65818ed131852c05fbe4c65be365895e/ty-0.0.85-py3-none-musllinux_1_2_x86_64.whl", hash = "sha256:d622348c05a9fe99ad087dc93f174617a96f9fef23dd7a0acbdb0adaf8bd5ae6", size = 14489824, upload-time = "2026-10-06T22:05:32.089Z" },
    { url = "https://files.pythonhosted.org/packages/b5/64/0fca31db8c48dc72285f17b878e2c6a015279ab04a26e16f62abb384094f/ty-0.0.85-py3-none-win32.whl", hash = "sha256:0742d21a002481af8d2324b16ce5df210b5bb7673b0ea1096cfc02745c6b7280", size = 13410281, upload-time = "2026-10-06T22:05:34.418Z" },
    { url = "https://files.pythonhosted.org/packages/f6/a8/65d865185ecb18ee45b85cd99b34aedb3d8a4a9fe0438dab695e1390dbb7/ty-0.0.85-py3-none-win_amd64.whl", hash = "sha256:2636f8255b97c357dac1f9f50ca58f58a49642c8adb5c76643f483401a577014", size = 14112013, upload-time = "2026-10-06T22:05:36.946Z" },
    { url = "https://files.pythonhosted.org/packages/24/40/110b4f01af47fbb061f03e2f8e85cb30dd3d9ea614b2059dfaa058a044a5/ty-0.0.85-py3-none-win_arm64.whl", hash = "sha256:953574167a79d9dba7781238879955fa37fea405393710bfe53069ac82dff4d9", size = 13825189, upload-time = "2026-10-06T22:05:39.467Z" },
]

[[package]]
name = "typeguard"
version = "2.13.3"
source = { registry = "https://pypi.org/simple" }
sdist = { url = "https://files.pythonhosted.org/packages/3a/38/c61bfcf62a7b572b5e9363a802ff92559cb427ee963048e1442e3aef7490/typeguard-2.13.3.tar.gz", hash = "sha256:00edaa8da3a133674796cf5ea87d9f4b4c367d77476e185e80251cc13dfbb8c4", size = 40604, upload-time = "2021-12-10T21:09:39.158Z" }
wheels = [
    { url = "https://files.pythonhosted.org/packages/9a/bb/d43e5c75054e53efce310e79d63df0ac3f25e34c926be5dffb7d283fb2a8/typeguard-2.13.3-py3-none-any.whl", hash = "sha256:5e3e3be01e887e7eafae5af63d1f36c849aaa94e3a0112097312aabfa16284f1", size = 17605, upload-time = "2021-12-10T21:09:37.844Z" },
]

[[package]]
name = "typing-extensions"
version = "4.15.0"
source = { registry = "https://pypi.org/simple" }
sdist = { url = "https://files.pythonhosted.org/packages/72/94/1a15dd82efb362ac84269196e94cf00f187f7ed21c242792a923cdb1c61f/typing_extensions-4.15.0.tar.gz", hash = "sha256:0cea48d173cc12fa28ecabc3b837ea3cf6f38c6d1136f85cbaaf598984861466", size = 109391, upload-time = "2025-08-25T13:49:26.313Z" }
wheels = [
    { url = "https://files.pythonhosted.org/packages/18/67/36e9267722cc04a6b9f15c7f3441c2363321a3ea07da7ae0c0707beb2a9c/typing_extensions-4.15.0-py3-none-any.whl", hash = "sha256:f0fa19c6845758ab08074a0cfa8b7aecb71c999ca73d62883bc25cc018c4e548", size = 44614, upload-time = "2025-08-25T13:49:24.86Z" },
]
